<?xml version="1.0" encoding="utf-8"?>
<Project ToolsVersion="4.0" xmlns="http://schemas.microsoft.com/developer/msbuild/2003">
  <ItemGroup>
    <Filter Include="Source Files">
      <UniqueIdentifier>{4FC737F1-C7A5-4376-A066-2A32D752A2FF}</UniqueIdentifier>
      <Extensions>cpp;c;cc;cxx;c++;cppm;ixx;def;odl;idl;hpj;bat;asm;asmx</Extensions>
    </Filter>
    <Filter Include="Header Files">
      <UniqueIdentifier>{93995380-89BD-4b04-88EB-625FBE52EBFB}</UniqueIdentifier>
      <Extensions>h;hh;hpp;hxx;h++;hm;inl;inc;ipp;xsd</Extensions>
    </Filter>
    <Filter Include="Resource Files">
      <UniqueIdentifier>{67DA6AB6-F800-4c08-8B7A-83BB121AAD01}</UniqueIdentifier>
      <Extensions>rc;ico;cur;bmp;dlg;rc2;rct;bin;rgs;gif;jpg;jpeg;jpe;resx;tiff;tif;png;wav;mfcribbon-ms</Extensions>
    </Filter>
    <Filter Include="Source Files\Shared">
      <UniqueIdentifier>{adb15beb-1087-48b0-8f55-042ec5720bfb}</UniqueIdentifier>
    </Filter>
    <Filter Include="Resource Files\Sprites">
      <UniqueIdentifier>{0fe30ed0-4bfe-4c1e-947b-264fc1f46e41}</UniqueIdentifier>
    </Filter>
    <Filter Include="Resource Files\Sounds">
      <UniqueIdentifier>{8b9b28c3-1dda-4f44-a532-c4c6fa90cd86}</UniqueIdentifier>
    </Filter>
  </ItemGroup>
  <ItemGroup>
    <Text Include="df-config.txt">
      <Filter>Resource Files</Filter>
    </Text>
    <Text Include="sprites\apple.txt">
      <Filter>Resource Files\Sprites</Filter>
    </Text>
    <Text Include="sprites\banana.txt">
      <Filter>Resource Files\Sprites</Filter>
    </Text>
    <Text Include="sprites\blueberries.txt">
      <Filter>Resource Files\Sprites</Filter>
    </Text>
    <Text Include="sprites\fruit-splash.txt">
      <Filter>Resource Files\Sprites</Filter>
    </Text>
    <Text Include="sprites\gameover.txt">
      <Filter>Resource Files\Sprites</Filter>
    </Text>
    <Text Include="sprites\grapes.txt">
      <Filter>Resource Files\Sprites</Filter>
    </Text>
    <Text Include="sprites\kudos.txt">
      <Filter>Resource Files\Sprites</Filter>
    </Text>
    <Text Include="sprites\ninja-splash.txt">
      <Filter>Resource Files\Sprites</Filter>
    </Text>
    <Text Include="sprites\pear.txt">
      <Filter>Resource Files\Sprites</Filter>
    </Text>
  </ItemGroup>
  <ItemGroup>
    <Font Include="df-font.ttf">
      <Filter>Resource Files</Filter>
    </Font>
  </ItemGroup>
  <ItemGroup>
    <ClCompile Include="ConnectionField.cpp">
      <Filter>Source Files</Filter>
    </ClCompile>
    <ClCompile Include="mainClient.cpp">
      <Filter>Source Files</Filter>
    </ClCompile>
    <ClCompile Include="..\shared\EventNetwork.cpp">
      <Filter>Source Files\Shared</Filter>
    </ClCompile>
    <ClCompile Include="..\shared\Fruit.cpp">
      <Filter>Source Files\Shared</Filter>
    </ClCompile>
    <ClCompile Include="..\shared\NetworkManager.cpp">
      <Filter>Source Files\Shared</Filter>
    </ClCompile>
    <ClCompile Include="..\shared\NetworkObject.cpp">
      <Filter>Source Files\Shared</Filter>
    </ClCompile>
    <ClCompile Include="..\shared\NetworkSentry.cpp">
      <Filter>Source Files\Shared</Filter>
    </ClCompile>
    <ClCompile Include="..\shared\NetworkSocket.cpp">
      <Filter>Source Files\Shared</Filter>
    </ClCompile>
    <ClCompile Include="..\shared\NetworkUtil.cpp">
      <Filter>Source Files\Shared</Filter>
    </ClCompile>
    <ClCompile Include="..\shared\Sword.cpp">
      <Filter>Source Files\Shared</Filter>
    </ClCompile>
    <ClCompile Include="..\shared\Util.cpp">
      <Filter>Source Files\Shared</Filter>
    </ClCompile>
    <ClCompile Include="Client.cpp">
      <Filter>Source Files</Filter>
    </ClCompile>
    <ClCompile Include="..\shared\Timer.cpp">
      <Filter>Source Files\Shared</Filter>
    </ClCompile>
    <ClCompile Include="GameOver.cpp">
      <Filter>Source Files</Filter>
    </ClCompile>
    <ClCompile Include="StartButton.cpp">
      <Filter>Source Files</Filter>
    </ClCompile>
    <ClCompile Include="Splash.cpp">
      <Filter>Source Files</Filter>
    </ClCompile>
    <ClCompile Include="..\shared\Score.cpp">
      <Filter>Source Files\Shared</Filter>
    </ClCompile>
    <ClCompile Include="..\shared\EventScore.cpp">
      <Filter>Source Files\Shared</Filter>
    </ClCompile>
    <ClCompile Include="..\shared\Kudos.cpp">
      <Filter>Source Files\Shared</Filter>
    </ClCompile>
  </ItemGroup>
  <ItemGroup>
    <ClInclude Include="ConnectionField.h">
      <Filter>Header Files</Filter>
    </ClInclude>
    <ClInclude Include="Client.h">
      <Filter>Header Files</Filter>
    </ClInclude>
    <ClInclude Include="GameOver.h">
      <Filter>Header Files</Filter>
    </ClInclude>
    <ClInclude Include="StartButton.h">
      <Filter>Header Files</Filter>
    </ClInclude>
    <ClInclude Include="Splash.h">
      <Filter>Header Files</Filter>
    </ClInclude>
  </ItemGroup>
  <ItemGroup>
    <Media Include="resources\sounds\game-over.wav">
      <Filter>Resource Files\Sounds</Filter>
    </Media>
    <Media Include="resources\sounds\game-start.wav">
      <Filter>Resource Files\Sounds</Filter>
    </Media>
    <Media Include="resources\sounds\impact.wav">
      <Filter>Resource Files\Sounds</Filter>
    </Media>
    <Media Include="resources\sounds\kudos-1.wav">
      <Filter>Resource Files\Sounds</Filter>
    </Media>
    <Media Include="resources\sounds\kudos-2.wav">
      <Filter>Resource Files\Sounds</Filter>
    </Media>
    <Media Include="resources\sounds\kudos-3.wav">
      <Filter>Resource Files\Sounds</Filter>
    </Media>
    <Media Include="resources\sounds\kudos-4.wav">
      <Filter>Resource Files\Sounds</Filter>
    </Media>
    <Media Include="resources\sounds\kudos-5.wav">
      <Filter>Resource Files\Sounds</Filter>
    </Media>
    <Media Include="resources\sounds\kudos-6.wav">
      <Filter>Resource Files\Sounds</Filter>
    </Media>
    <Media Include="resources\sounds\kudos-7.wav">
      <Filter>Resource Files\Sounds</Filter>
    </Media>
    <Media Include="resources\sounds\kudos-8.wav">
      <Filter>Resource Files\Sounds</Filter>
    </Media>
    <Media Include="resources\sounds\kudos-9.wav">
      <Filter>Resource Files\Sounds</Filter>
    </Media>
    <Media Include="resources\sounds\kudos-10.wav">
      <Filter>Resource Files\Sounds</Filter>
    </Media>
    <Media Include="resources\sounds\splat-1.wav">
      <Filter>Resource Files\Sounds</Filter>
    </Media>
    <Media Include="resources\sounds\splat-2.wav">
      <Filter>Resource Files\Sounds</Filter>
    </Media>
    <Media Include="resources\sounds\splat-3.wav">
      <Filter>Resource Files\Sounds</Filter>
    </Media>
    <Media Include="resources\sounds\splat-4.wav">
      <Filter>Resource Files\Sounds</Filter>
    </Media>
    <Media Include="resources\sounds\splat-5.wav">
      <Filter>Resource Files\Sounds</Filter>
    </Media>
    <Media Include="resources\sounds\splat-6.wav">
      <Filter>Resource Files\Sounds</Filter>
    </Media>
    <Media Include="resources\sounds\swipe-1.wav">
      <Filter>Resource Files\Sounds</Filter>
    </Media>
    <Media Include="resources\sounds\swipe-2.wav">
      <Filter>Resource Files\Sounds</Filter>
    </Media>
    <Media Include="resources\sounds\swipe-3.wav">
      <Filter>Resource Files\Sounds</Filter>
    </Media>
    <Media Include="resources\sounds\swipe-4.wav">
      <Filter>Resource Files\Sounds</Filter>
    </Media>
    <Media Include="resources\sounds\swipe-5.wav">
      <Filter>Resource Files\Sounds</Filter>
    </Media>
    <Media Include="resources\sounds\swipe-6.wav">
      <Filter>Resource Files\Sounds</Filter>
    </Media>
    <Media Include="resources\sounds\swipe-7.wav">
      <Filter>Resource Files\Sounds</Filter>
    </Media>
    <Media Include="resources\sounds\beep.wav">
      <Filter>Resource Files\Sounds</Filter>
    </Media>
  </ItemGroup>
</Project>